
Microsoft Visual Studio Solution File, Format Version 12.00
# Visual Studio Version 16
VisualStudioVersion = 16.0.29102.190
MinimumVisualStudioVersion = 10.0.40219.1
Project("{9A19103F-16F7-4668-BE54-9A1E7A4F7556}") = "BankAccount", "BankAccount\BankAccount.csproj", "{7EFF8841-9A54-4F64-B5BE-7A521D6AFDFC}"
EndProject
Project("{FAE04EC0-301F-11D3-BF4B-00C04F79EFBC}") = "BankAccountTest", "BankAccount.Test\BankAccountTest.csproj", "{25CC562B-EF2B-42E4-83C3-D820D84E9C2B}"
EndProject
Global
	GlobalSection(SolutionConfigurationPlatforms) = preSolution
		Debug|Any CPU = Debug|Any CPU
		Release|Any CPU = Release|Any CPU
	EndGlobalSection
	GlobalSection(ProjectConfigurationPlatforms) = postSolution
		{7EFF8841-9A54-4F64-B5BE-7A521D6AFDFC}.Debug|Any CPU.ActiveCfg = Debug|Any CPU
		{7EFF8841-9A54-4F64-B5BE-7A521D6AFDFC}.Debug|Any CPU.Build.0 = Debug|Any CPU
		{7EFF8841-9A54-4F64-B5BE-7A521D6AFDFC}.Release|Any CPU.ActiveCfg = Release|Any CPU
		{7EFF8841-9A54-4F64-B5BE-7A521D6AFDFC}.Release|Any CPU.Build.0 = Release|Any CPU
		{25CC562B-EF2B-42E4-83C3-D820D84E9C2B}.Debug|Any CPU.ActiveCfg = Debug|Any CPU
		{25CC562B-EF2B-42E4-83C3-D820D84E9C2B}.Debug|Any CPU.Build.0 = Debug|Any CPU
		{25CC562B-EF2B-42E4-83C3-D820D84E9C2B}.Release|Any CPU.ActiveCfg = Release|Any CPU
		{25CC562B-EF2B-42E4-83C3-D820D84E9C2B}.Release|Any CPU.Build.0 = Release|Any CPU
	EndGlobalSection
	GlobalSection(SolutionProperties) = preSolution
		HideSolutionNode = FALSE
	EndGlobalSection
	GlobalSection(ExtensibilityGlobals) = postSolution
		SolutionGuid = {38D4F456-FEF0-4F81-8EE6-7E5A339BEFC3}
	EndGlobalSection
EndGlobal
